
Microsoft Visual Studio Solution File, Format Version 12.00
# Visual Studio Version 16
VisualStudioVersion = 16.0.29503.13
MinimumVisualStudioVersion = 10.0.40219.1
Project("{FAE04EC0-301F-11D3-BF4B-00C04F79EFBC}") = "React_DotNet_Core_WebApp", "React_DotNet_Core_WebApp\React_DotNet_Core_WebApp.csproj", "{B019153F-0306-476A-9BDD-1240758F1CF3}"
EndProject
Project("{FAE04EC0-301F-11D3-BF4B-00C04F79EFBC}") = "TechSolutionsLibs", "TechSolutionsLibs\TechSolutionsLibs.csproj", "{7350C8F9-5409-4404-BE06-585A2F5C8264}"
EndProject
Global
	GlobalSection(SolutionConfigurationPlatforms) = preSolution
		Debug|Any CPU = Debug|Any CPU
		Release|Any CPU = Release|Any CPU
	EndGlobalSection
	GlobalSection(ProjectConfigurationPlatforms) = postSolution
		{B019153F-0306-476A-9BDD-1240758F1CF3}.Debug|Any CPU.ActiveCfg = Debug|Any CPU
		{B019153F-0306-476A-9BDD-1240758F1CF3}.Debug|Any CPU.Build.0 = Debug|Any CPU
		{B019153F-0306-476A-9BDD-1240758F1CF3}.Release|Any CPU.ActiveCfg = Release|Any CPU
		{B019153F-0306-476A-9BDD-1240758F1CF3}.Release|Any CPU.Build.0 = Release|Any CPU
		{7350C8F9-5409-4404-BE06-585A2F5C8264}.Debug|Any CPU.ActiveCfg = Debug|Any CPU
		{7350C8F9-5409-4404-BE06-585A2F5C8264}.Debug|Any CPU.Build.0 = Debug|Any CPU
		{7350C8F9-5409-4404-BE06-585A2F5C8264}.Release|Any CPU.ActiveCfg = Release|Any CPU
		{7350C8F9-5409-4404-BE06-585A2F5C8264}.Release|Any CPU.Build.0 = Release|Any CPU
	EndGlobalSection
	GlobalSection(SolutionProperties) = preSolution
		HideSolutionNode = FALSE
	EndGlobalSection
	GlobalSection(ExtensibilityGlobals) = postSolution
		SolutionGuid = {163BA526-30F2-4C3C-863B-A23E33CAC592}
	EndGlobalSection
EndGlobal
